
Microsoft Visual Studio Solution File, Format Version 12.00
# Visual Studio Version 16
VisualStudioVersion = 16.0.30717.126
MinimumVisualStudioVersion = 10.0.40219.1
Project("{2150E333-8FDC-42A3-9474-1A3956D46DE8}") = "src", "src", "{975342FF-683C-4B30-BDA3-26A995C3F703}"
EndProject
Project("{2150E333-8FDC-42A3-9474-1A3956D46DE8}") = "Building Blocks", "Building Blocks", "{F521F675-8660-4FEF-B97F-E24651AD83D3}"
EndProject
Project("{2150E333-8FDC-42A3-9474-1A3956D46DE8}") = "Services", "Services", "{69C6163B-9E3D-41AD-A5A6-B17E9033693B}"
EndProject
Project("{2150E333-8FDC-42A3-9474-1A3956D46DE8}") = "Web", "Web", "{6C97A1A2-AD06-431F-B4EB-FEBA101D1A74}"
EndProject
Project("{2150E333-8FDC-42A3-9474-1A3956D46DE8}") = "Identidade", "Identidade", "{644ABDD4-798C-4420-B9FF-15439909BD37}"
EndProject
Project("{FAE04EC0-301F-11D3-BF4B-00C04F79EFBC}") = "NSE.Identidade.API", "src\services\NSE.Identidade.API\NSE.Identidade.API.csproj", "{BA907B7D-9019-46C0-BA70-4487D297FD40}"
EndProject
Project("{2150E333-8FDC-42A3-9474-1A3956D46DE8}") = "MVC", "MVC", "{EA5F5F7E-A183-4E76-AF5E-30E286012C59}"
EndProject
Project("{FAE04EC0-301F-11D3-BF4B-00C04F79EFBC}") = "NSE.WebApp.MVC", "src\web\NSE.WebApp.MVC\NSE.WebApp.MVC.csproj", "{A309DE6C-A37F-483D-AE43-177B3C8838E0}"
EndProject
Project("{2150E333-8FDC-42A3-9474-1A3956D46DE8}") = "Core", "Core", "{2BEE8364-251E-436F-88D7-2A185E975411}"
EndProject
Project("{FAE04EC0-301F-11D3-BF4B-00C04F79EFBC}") = "NSE.Core", "src\building blocks\NSE.Core\NSE.Core.csproj", "{DDC7110B-D340-480B-B8A4-A355F8266B24}"
EndProject
Project("{2150E333-8FDC-42A3-9474-1A3956D46DE8}") = "Carrinho", "Carrinho", "{FE3622C2-AB80-4B6D-9436-250C7A4E7C63}"
EndProject
Project("{2150E333-8FDC-42A3-9474-1A3956D46DE8}") = "Catalogo", "Catalogo", "{158E8D3F-8430-432F-B0CA-2F28B5758ED0}"
EndProject
Project("{2150E333-8FDC-42A3-9474-1A3956D46DE8}") = "Cliente", "Cliente", "{E435D180-F8C0-486E-BFC0-95CFE6313EB9}"
EndProject
Project("{2150E333-8FDC-42A3-9474-1A3956D46DE8}") = "Pagamento", "Pagamento", "{BE7CFB1B-9275-4229-B5DD-0EE85F446567}"
EndProject
Project("{2150E333-8FDC-42A3-9474-1A3956D46DE8}") = "Pedido", "Pedido", "{A944BC55-BFBD-468F-9249-7F8E56DF0AF3}"
EndProject
Project("{FAE04EC0-301F-11D3-BF4B-00C04F79EFBC}") = "NSE.Carrinho.API", "src\services\NSE.Carrinho.API\NSE.Carrinho.API.csproj", "{FB6D3560-ECC9-45E1-9712-17A380531CD6}"
EndProject
Project("{FAE04EC0-301F-11D3-BF4B-00C04F79EFBC}") = "NSE.Catalogo.API", "src\services\NSE.Catalogo.API\NSE.Catalogo.API.csproj", "{B2E6E63E-4102-478F-B7F8-D169D8965535}"
EndProject
Project("{FAE04EC0-301F-11D3-BF4B-00C04F79EFBC}") = "NSE.Cliente.API", "src\services\NSE.Cliente.API\NSE.Cliente.API.csproj", "{98711294-444A-445E-8451-6A77767E6566}"
EndProject
Project("{FAE04EC0-301F-11D3-BF4B-00C04F79EFBC}") = "NSE.Pagamento.API", "src\services\NSE.Pagamento.API\NSE.Pagamento.API.csproj", "{2313A267-0151-4A99-B481-1261BCAC9DC6}"
EndProject
Project("{FAE04EC0-301F-11D3-BF4B-00C04F79EFBC}") = "NSE.Pedido.API", "src\services\NSE.Pedido.API\NSE.Pedido.API.csproj", "{1E454F56-DC04-473F-9694-BE42B079BE0C}"
EndProject
Global
	GlobalSection(SolutionConfigurationPlatforms) = preSolution
		Debug|Any CPU = Debug|Any CPU
		Release|Any CPU = Release|Any CPU
	EndGlobalSection
	GlobalSection(ProjectConfigurationPlatforms) = postSolution
		{BA907B7D-9019-46C0-BA70-4487D297FD40}.Debug|Any CPU.ActiveCfg = Debug|Any CPU
		{BA907B7D-9019-46C0-BA70-4487D297FD40}.Debug|Any CPU.Build.0 = Debug|Any CPU
		{BA907B7D-9019-46C0-BA70-4487D297FD40}.Release|Any CPU.ActiveCfg = Release|Any CPU
		{BA907B7D-9019-46C0-BA70-4487D297FD40}.Release|Any CPU.Build.0 = Release|Any CPU
		{A309DE6C-A37F-483D-AE43-177B3C8838E0}.Debug|Any CPU.ActiveCfg = Debug|Any CPU
		{A309DE6C-A37F-483D-AE43-177B3C8838E0}.Debug|Any CPU.Build.0 = Debug|Any CPU
		{A309DE6C-A37F-483D-AE43-177B3C8838E0}.Release|Any CPU.ActiveCfg = Release|Any CPU
		{A309DE6C-A37F-483D-AE43-177B3C8838E0}.Release|Any CPU.Build.0 = Release|Any CPU
		{DDC7110B-D340-480B-B8A4-A355F8266B24}.Debug|Any CPU.ActiveCfg = Debug|Any CPU
		{DDC7110B-D340-480B-B8A4-A355F8266B24}.Debug|Any CPU.Build.0 = Debug|Any CPU
		{DDC7110B-D340-480B-B8A4-A355F8266B24}.Release|Any CPU.ActiveCfg = Release|Any CPU
		{DDC7110B-D340-480B-B8A4-A355F8266B24}.Release|Any CPU.Build.0 = Release|Any CPU
		{FB6D3560-ECC9-45E1-9712-17A380531CD6}.Debug|Any CPU.ActiveCfg = Debug|Any CPU
		{FB6D3560-ECC9-45E1-9712-17A380531CD6}.Debug|Any CPU.Build.0 = Debug|Any CPU
		{FB6D3560-ECC9-45E1-9712-17A380531CD6}.Release|Any CPU.ActiveCfg = Release|Any CPU
		{FB6D3560-ECC9-45E1-9712-17A380531CD6}.Release|Any CPU.Build.0 = Release|Any CPU
		{B2E6E63E-4102-478F-B7F8-D169D8965535}.Debug|Any CPU.ActiveCfg = Debug|Any CPU
		{B2E6E63E-4102-478F-B7F8-D169D8965535}.Debug|Any CPU.Build.0 = Debug|Any CPU
		{B2E6E63E-4102-478F-B7F8-D169D8965535}.Release|Any CPU.ActiveCfg = Release|Any CPU
		{B2E6E63E-4102-478F-B7F8-D169D8965535}.Release|Any CPU.Build.0 = Release|Any CPU
		{98711294-444A-445E-8451-6A77767E6566}.Debug|Any CPU.ActiveCfg = Debug|Any CPU
		{98711294-444A-445E-8451-6A77767E6566}.Debug|Any CPU.Build.0 = Debug|Any CPU
		{98711294-444A-445E-8451-6A77767E6566}.Release|Any CPU.ActiveCfg = Release|Any CPU
		{98711294-444A-445E-8451-6A77767E6566}.Release|Any CPU.Build.0 = Release|Any CPU
		{2313A267-0151-4A99-B481-1261BCAC9DC6}.Debug|Any CPU.ActiveCfg = Debug|Any CPU
		{2313A267-0151-4A99-B481-1261BCAC9DC6}.Debug|Any CPU.Build.0 = Debug|Any CPU
		{2313A267-0151-4A99-B481-1261BCAC9DC6}.Release|Any CPU.ActiveCfg = Release|Any CPU
		{2313A267-0151-4A99-B481-1261BCAC9DC6}.Release|Any CPU.Build.0 = Release|Any CPU
		{1E454F56-DC04-473F-9694-BE42B079BE0C}.Debug|Any CPU.ActiveCfg = Debug|Any CPU
		{1E454F56-DC04-473F-9694-BE42B079BE0C}.Debug|Any CPU.Build.0 = Debug|Any CPU
		{1E454F56-DC04-473F-9694-BE42B079BE0C}.Release|Any CPU.ActiveCfg = Release|Any CPU
		{1E454F56-DC04-473F-9694-BE42B079BE0C}.Release|Any CPU.Build.0 = Release|Any CPU
	EndGlobalSection
	GlobalSection(SolutionProperties) = preSolution
		HideSolutionNode = FALSE
	EndGlobalSection
	GlobalSection(NestedProjects) = preSolution
		{F521F675-8660-4FEF-B97F-E24651AD83D3} = {975342FF-683C-4B30-BDA3-26A995C3F703}
		{69C6163B-9E3D-41AD-A5A6-B17E9033693B} = {975342FF-683C-4B30-BDA3-26A995C3F703}
		{6C97A1A2-AD06-431F-B4EB-FEBA101D1A74} = {975342FF-683C-4B30-BDA3-26A995C3F703}
		{644ABDD4-798C-4420-B9FF-15439909BD37} = {69C6163B-9E3D-41AD-A5A6-B17E9033693B}
		{BA907B7D-9019-46C0-BA70-4487D297FD40} = {644ABDD4-798C-4420-B9FF-15439909BD37}
		{EA5F5F7E-A183-4E76-AF5E-30E286012C59} = {6C97A1A2-AD06-431F-B4EB-FEBA101D1A74}
		{A309DE6C-A37F-483D-AE43-177B3C8838E0} = {EA5F5F7E-A183-4E76-AF5E-30E286012C59}
		{2BEE8364-251E-436F-88D7-2A185E975411} = {F521F675-8660-4FEF-B97F-E24651AD83D3}
		{DDC7110B-D340-480B-B8A4-A355F8266B24} = {2BEE8364-251E-436F-88D7-2A185E975411}
		{FE3622C2-AB80-4B6D-9436-250C7A4E7C63} = {69C6163B-9E3D-41AD-A5A6-B17E9033693B}
		{158E8D3F-8430-432F-B0CA-2F28B5758ED0} = {69C6163B-9E3D-41AD-A5A6-B17E9033693B}
		{E435D180-F8C0-486E-BFC0-95CFE6313EB9} = {69C6163B-9E3D-41AD-A5A6-B17E9033693B}
		{BE7CFB1B-9275-4229-B5DD-0EE85F446567} = {69C6163B-9E3D-41AD-A5A6-B17E9033693B}
		{A944BC55-BFBD-468F-9249-7F8E56DF0AF3} = {69C6163B-9E3D-41AD-A5A6-B17E9033693B}
		{FB6D3560-ECC9-45E1-9712-17A380531CD6} = {FE3622C2-AB80-4B6D-9436-250C7A4E7C63}
		{B2E6E63E-4102-478F-B7F8-D169D8965535} = {158E8D3F-8430-432F-B0CA-2F28B5758ED0}
		{98711294-444A-445E-8451-6A77767E6566} = {E435D180-F8C0-486E-BFC0-95CFE6313EB9}
		{2313A267-0151-4A99-B481-1261BCAC9DC6} = {BE7CFB1B-9275-4229-B5DD-0EE85F446567}
		{1E454F56-DC04-473F-9694-BE42B079BE0C} = {A944BC55-BFBD-468F-9249-7F8E56DF0AF3}
	EndGlobalSection
	GlobalSection(ExtensibilityGlobals) = postSolution
		SolutionGuid = {183FFD41-F3BF-472F-B13A-77516FBAB683}
	EndGlobalSection
EndGlobal
